
Microsoft Visual Studio Solution File, Format Version 12.00
Project("{FAE04EC0-301F-11D3-BF4B-00C04F79EFBC}") = "Goodini", "Goodini\Goodini.csproj", "{B5925ABB-3820-4CFA-B5C1-6CE0390DE64E}"
EndProject
Project("{2150E333-8FDC-42A3-9474-1A3956D46DE8}") = "User", "User", "{CE3319C4-EBBF-4782-94FB-58D0167FC302}"
EndProject
Project("{FAE04EC0-301F-11D3-BF4B-00C04F79EFBC}") = "User.Core", "User.Core\User.Core.csproj", "{20810240-EE41-4302-B153-B7309959B1C6}"
EndProject
Project("{FAE04EC0-301F-11D3-BF4B-00C04F79EFBC}") = "User.Dal", "User.Dal\User.Dal.csproj", "{FE1D7E13-9013-4B38-9E1E-A5293C37BBA5}"
EndProject
Project("{FAE04EC0-301F-11D3-BF4B-00C04F79EFBC}") = "User.Dal.PostgreSql", "User.Dal.PostgreSql\User.Dal.PostgreSql.csproj", "{53BDFD2B-D596-4118-A3DE-797EFA7F3EAD}"
EndProject
Project("{FAE04EC0-301F-11D3-BF4B-00C04F79EFBC}") = "User.StartUp", "User.StartUp\User.StartUp.csproj", "{0BBAABC6-7C12-4C1C-8D5E-AE252340C352}"
EndProject
Project("{2150E333-8FDC-42A3-9474-1A3956D46DE8}") = "Solution Items", "Solution Items", "{5845BAF3-C7AC-41F4-B18B-3879F4171BA5}"
	ProjectSection(SolutionItems) = preProject
		docker-compose.yml = docker-compose.yml
	EndProjectSection
EndProject
Project("{2150E333-8FDC-42A3-9474-1A3956D46DE8}") = "Infrastructure", "Infrastructure", "{3F7CACE8-199D-46D3-9FEE-604ADEB48C75}"
EndProject
Project("{2150E333-8FDC-42A3-9474-1A3956D46DE8}") = "API", "API", "{7B3AF5F8-6AB3-4D5B-B8BC-A676D02F21FE}"
EndProject
Project("{2150E333-8FDC-42A3-9474-1A3956D46DE8}") = "Common", "Common", "{CE1D1D7C-60F0-4575-9105-CBB3A2DA9650}"
EndProject
Project("{FAE04EC0-301F-11D3-BF4B-00C04F79EFBC}") = "Common.Email", "Common.Email\Common.Email.csproj", "{26D267DC-4130-4B51-A2EE-8BA9C2D36088}"
EndProject
Global
	GlobalSection(SolutionConfigurationPlatforms) = preSolution
		Debug|Any CPU = Debug|Any CPU
		Release|Any CPU = Release|Any CPU
	EndGlobalSection
	GlobalSection(ProjectConfigurationPlatforms) = postSolution
		{B5925ABB-3820-4CFA-B5C1-6CE0390DE64E}.Debug|Any CPU.ActiveCfg = Debug|Any CPU
		{B5925ABB-3820-4CFA-B5C1-6CE0390DE64E}.Debug|Any CPU.Build.0 = Debug|Any CPU
		{B5925ABB-3820-4CFA-B5C1-6CE0390DE64E}.Release|Any CPU.ActiveCfg = Release|Any CPU
		{B5925ABB-3820-4CFA-B5C1-6CE0390DE64E}.Release|Any CPU.Build.0 = Release|Any CPU
		{20810240-EE41-4302-B153-B7309959B1C6}.Debug|Any CPU.ActiveCfg = Debug|Any CPU
		{20810240-EE41-4302-B153-B7309959B1C6}.Debug|Any CPU.Build.0 = Debug|Any CPU
		{20810240-EE41-4302-B153-B7309959B1C6}.Release|Any CPU.ActiveCfg = Release|Any CPU
		{20810240-EE41-4302-B153-B7309959B1C6}.Release|Any CPU.Build.0 = Release|Any CPU
		{FE1D7E13-9013-4B38-9E1E-A5293C37BBA5}.Debug|Any CPU.ActiveCfg = Debug|Any CPU
		{FE1D7E13-9013-4B38-9E1E-A5293C37BBA5}.Debug|Any CPU.Build.0 = Debug|Any CPU
		{FE1D7E13-9013-4B38-9E1E-A5293C37BBA5}.Release|Any CPU.ActiveCfg = Release|Any CPU
		{FE1D7E13-9013-4B38-9E1E-A5293C37BBA5}.Release|Any CPU.Build.0 = Release|Any CPU
		{53BDFD2B-D596-4118-A3DE-797EFA7F3EAD}.Debug|Any CPU.ActiveCfg = Debug|Any CPU
		{53BDFD2B-D596-4118-A3DE-797EFA7F3EAD}.Debug|Any CPU.Build.0 = Debug|Any CPU
		{53BDFD2B-D596-4118-A3DE-797EFA7F3EAD}.Release|Any CPU.ActiveCfg = Release|Any CPU
		{53BDFD2B-D596-4118-A3DE-797EFA7F3EAD}.Release|Any CPU.Build.0 = Release|Any CPU
		{0BBAABC6-7C12-4C1C-8D5E-AE252340C352}.Debug|Any CPU.ActiveCfg = Debug|Any CPU
		{0BBAABC6-7C12-4C1C-8D5E-AE252340C352}.Debug|Any CPU.Build.0 = Debug|Any CPU
		{0BBAABC6-7C12-4C1C-8D5E-AE252340C352}.Release|Any CPU.ActiveCfg = Release|Any CPU
		{0BBAABC6-7C12-4C1C-8D5E-AE252340C352}.Release|Any CPU.Build.0 = Release|Any CPU
		{26D267DC-4130-4B51-A2EE-8BA9C2D36088}.Debug|Any CPU.ActiveCfg = Debug|Any CPU
		{26D267DC-4130-4B51-A2EE-8BA9C2D36088}.Debug|Any CPU.Build.0 = Debug|Any CPU
		{26D267DC-4130-4B51-A2EE-8BA9C2D36088}.Release|Any CPU.ActiveCfg = Release|Any CPU
		{26D267DC-4130-4B51-A2EE-8BA9C2D36088}.Release|Any CPU.Build.0 = Release|Any CPU
	EndGlobalSection
	GlobalSection(NestedProjects) = preSolution
		{20810240-EE41-4302-B153-B7309959B1C6} = {CE3319C4-EBBF-4782-94FB-58D0167FC302}
		{FE1D7E13-9013-4B38-9E1E-A5293C37BBA5} = {CE3319C4-EBBF-4782-94FB-58D0167FC302}
		{53BDFD2B-D596-4118-A3DE-797EFA7F3EAD} = {CE3319C4-EBBF-4782-94FB-58D0167FC302}
		{0BBAABC6-7C12-4C1C-8D5E-AE252340C352} = {CE3319C4-EBBF-4782-94FB-58D0167FC302}
		{CE3319C4-EBBF-4782-94FB-58D0167FC302} = {3F7CACE8-199D-46D3-9FEE-604ADEB48C75}
		{B5925ABB-3820-4CFA-B5C1-6CE0390DE64E} = {7B3AF5F8-6AB3-4D5B-B8BC-A676D02F21FE}
		{26D267DC-4130-4B51-A2EE-8BA9C2D36088} = {CE1D1D7C-60F0-4575-9105-CBB3A2DA9650}
	EndGlobalSection
EndGlobal
